// !$*UTF8*$!
{
	archiveVersion = 1;
	classes = {
	};
	objectVersion = 46;
	objects = {

/* Begin PBXBuildFile section */
		1C1335BA14DD4136009CFF2C /* UIKit.framework in Frameworks */ = {isa = PBXBuildFile; fileRef = 1C1335B914DD4136009CFF2C /* UIKit.framework */; };
		1C1335BC14DD4136009CFF2C /* Foundation.framework in Frameworks */ = {isa = PBXBuildFile; fileRef = 1C1335BB14DD4136009CFF2C /* Foundation.framework */; };
		1C1335BE14DD4136009CFF2C /* CoreGraphics.framework in Frameworks */ = {isa = PBXBuildFile; fileRef = 1C1335BD14DD4136009CFF2C /* CoreGraphics.framework */; };
		1C1335C414DD4136009CFF2C /* InfoPlist.strings in Resources */ = {isa = PBXBuildFile; fileRef = 1C1335C214DD4136009CFF2C /* InfoPlist.strings */; };
		1C1335C614DD4136009CFF2C /* main.m in Sources */ = {isa = PBXBuildFile; fileRef = 1C1335C514DD4136009CFF2C /* main.m */; };
		1C1335CA14DD4136009CFF2C /* AppDelegate.m in Sources */ = {isa = PBXBuildFile; fileRef = 1C1335C914DD4136009CFF2C /* AppDelegate.m */; };
		1C1335CD14DD4136009CFF2C /* MainStoryboard.storyboard in Resources */ = {isa = PBXBuildFile; fileRef = 1C1335CB14DD4136009CFF2C /* MainStoryboard.storyboard */; };
		1C1335D014DD4136009CFF2C /* ViewController.m in Sources */ = {isa = PBXBuildFile; fileRef = 1C1335CF14DD4136009CFF2C /* ViewController.m */; };
		1C1335D714DD4274009CFF2C /* EventKit.framework in Frameworks */ = {isa = PBXBuildFile; fileRef = 1C1335D614DD4274009CFF2C /* EventKit.framework */; };
		1C1335D914DD427F009CFF2C /* EventKitUI.framework in Frameworks */ = {isa = PBXBuildFile; fileRef = 1C1335D814DD427F009CFF2C /* EventKitUI.framework */; };
		55BFE94714EBB08E00C69AE0 /* AddNewCalendar.m in Sources */ = {isa = PBXBuildFile; fileRef = 55BFE94514EBB08E00C69AE0 /* AddNewCalendar.m */; };
		55C4345914F770A600B94EB0 /* ReadMe.rtf in Resources */ = {isa = PBXBuildFile; fileRef = 55C4345814F770A600B94EB0 /* ReadMe.rtf */; };
		55CD884014F6126800C0D342 /* AddCustomEvent.m in Sources */ = {isa = PBXBuildFile; fileRef = 55CD883F14F6126800C0D342 /* AddCustomEvent.m */; };
		55CD884B14F621FB00C0D342 /* DatePicker.m in Sources */ = {isa = PBXBuildFile; fileRef = 55CD884A14F621FB00C0D342 /* DatePicker.m */; };
		55FCC33814F2284F004FBF0E /* CustomCalendarView.m in Sources */ = {isa = PBXBuildFile; fileRef = 55FCC33714F2284F004FBF0E /* CustomCalendarView.m */; };
/* End PBXBuildFile section */

/* Begin PBXFileReference section */
		1C1335B514DD4136009CFF2C /* FunCalendar.app */ = {isa = PBXFileReference; explicitFileType = wrapper.application; includeInIndex = 0; path = FunCalendar.app; sourceTree = BUILT_PRODUCTS_DIR; };
		1C1335B914DD4136009CFF2C /* UIKit.framework */ = {isa = PBXFileReference; lastKnownFileType = wrapper.framework; name = UIKit.framework; path = System/Library/Frameworks/UIKit.framework; sourceTree = SDKROOT; };
		1C1335BB14DD4136009CFF2C /* Foundation.framework */ = {isa = PBXFileReference; lastKnownFileType = wrapper.framework; name = Foundation.framework; path = System/Library/Frameworks/Foundation.framework; sourceTree = SDKROOT; };
		1C1335BD14DD4136009CFF2C /* CoreGraphics.framework */ = {isa = PBXFileReference; lastKnownFileType = wrapper.framework; name = CoreGraphics.framework; path = System/Library/Frameworks/CoreGraphics.framework; sourceTree = SDKROOT; };
		1C1335C114DD4136009CFF2C /* FunCalendar-Info.plist */ = {isa = PBXFileReference; lastKnownFileType = text.plist.xml; path = "FunCalendar-Info.plist"; sourceTree = "<group>"; };
		1C1335C314DD4136009CFF2C /* en */ = {isa = PBXFileReference; lastKnownFileType = text.plist.strings; name = en; path = en.lproj/InfoPlist.strings; sourceTree = "<group>"; };
		1C1335C514DD4136009CFF2C /* main.m */ = {isa = PBXFileReference; lastKnownFileType = sourcecode.c.objc; path = main.m; sourceTree = "<group>"; };
		1C1335C714DD4136009CFF2C /* FunCalendar-Prefix.pch */ = {isa = PBXFileReference; lastKnownFileType = sourcecode.c.h; path = "FunCalendar-Prefix.pch"; sourceTree = "<group>"; };
		1C1335C814DD4136009CFF2C /* AppDelegate.h */ = {isa = PBXFileReference; lastKnownFileType = sourcecode.c.h; path = AppDelegate.h; sourceTree = "<group>"; };
		1C1335C914DD4136009CFF2C /* AppDelegate.m */ = {isa = PBXFileReference; lastKnownFileType = sourcecode.c.objc; path = AppDelegate.m; sourceTree = "<group>"; };
		1C1335CC14DD4136009CFF2C /* en */ = {isa = PBXFileReference; lastKnownFileType = file.storyboard; name = en; path = en.lproj/MainStoryboard.storyboard; sourceTree = "<group>"; };
		1C1335CE14DD4136009CFF2C /* ViewController.h */ = {isa = PBXFileReference; lastKnownFileType = sourcecode.c.h; path = ViewController.h; sourceTree = "<group>"; };
		1C1335CF14DD4136009CFF2C /* ViewController.m */ = {isa = PBXFileReference; lastKnownFileType = sourcecode.c.objc; path = ViewController.m; sourceTree = "<group>"; };
		1C1335D614DD4274009CFF2C /* EventKit.framework */ = {isa = PBXFileReference; lastKnownFileType = wrapper.framework; name = EventKit.framework; path = System/Library/Frameworks/EventKit.framework; sourceTree = SDKROOT; };
		1C1335D814DD427F009CFF2C /* EventKitUI.framework */ = {isa = PBXFileReference; lastKnownFileType = wrapper.framework; name = EventKitUI.framework; path = System/Library/Frameworks/EventKitUI.framework; sourceTree = SDKROOT; };
		55BFE94414EBB08E00C69AE0 /* AddNewCalendar.h */ = {isa = PBXFileReference; fileEncoding = 4; lastKnownFileType = sourcecode.c.h; path = AddNewCalendar.h; sourceTree = "<group>"; };
		55BFE94514EBB08E00C69AE0 /* AddNewCalendar.m */ = {isa = PBXFileReference; fileEncoding = 4; lastKnownFileType = sourcecode.c.objc; path = AddNewCalendar.m; sourceTree = "<group>"; };
		55C4345814F770A600B94EB0 /* ReadMe.rtf */ = {isa = PBXFileReference; fileEncoding = 4; lastKnownFileType = text.rtf; path = ReadMe.rtf; sourceTree = "<group>"; };
		55CD883E14F6126800C0D342 /* AddCustomEvent.h */ = {isa = PBXFileReference; fileEncoding = 4; lastKnownFileType = sourcecode.c.h; path = AddCustomEvent.h; sourceTree = "<group>"; };
		55CD883F14F6126800C0D342 /* AddCustomEvent.m */ = {isa = PBXFileReference; fileEncoding = 4; lastKnownFileType = sourcecode.c.objc; path = AddCustomEvent.m; sourceTree = "<group>"; };
		55CD884914F621FB00C0D342 /* DatePicker.h */ = {isa = PBXFileReference; fileEncoding = 4; lastKnownFileType = sourcecode.c.h; path = DatePicker.h; sourceTree = "<group>"; };
		55CD884A14F621FB00C0D342 /* DatePicker.m */ = {isa = PBXFileReference; fileEncoding = 4; lastKnownFileType = sourcecode.c.objc; path = DatePicker.m; sourceTree = "<group>"; };
		55FCC33614F2284F004FBF0E /* CustomCalendarView.h */ = {isa = PBXFileReference; fileEncoding = 4; lastKnownFileType = sourcecode.c.h; path = CustomCalendarView.h; sourceTree = "<group>"; };
		55FCC33714F2284F004FBF0E /* CustomCalendarView.m */ = {isa = PBXFileReference; fileEncoding = 4; lastKnownFileType = sourcecode.c.objc; path = CustomCalendarView.m; sourceTree = "<group>"; };
/* End PBXFileReference section */

/* Begin PBXFrameworksBuildPhase section */
		1C1335B214DD4136009CFF2C /* Frameworks */ = {
			isa = PBXFrameworksBuildPhase;
			buildActionMask = 2147483647;
			files = (
				1C1335D914DD427F009CFF2C /* EventKitUI.framework in Frameworks */,
				1C1335D714DD4274009CFF2C /* EventKit.framework in Frameworks */,
				1C1335BA14DD4136009CFF2C /* UIKit.framework in Frameworks */,
				1C1335BC14DD4136009CFF2C /* Foundation.framework in Frameworks */,
				1C1335BE14DD4136009CFF2C /* CoreGraphics.framework in Frameworks */,
			);
			runOnlyForDeploymentPostprocessing = 0;
		};
/* End PBXFrameworksBuildPhase section */

/* Begin PBXGroup section */
		1C1335AA14DD4136009CFF2C = {
			isa = PBXGroup;
			children = (
				1C1335BF14DD4136009CFF2C /* FunCalendar */,
				1C1335B814DD4136009CFF2C /* Frameworks */,
				1C1335B614DD4136009CFF2C /* Products */,
			);
			sourceTree = "<group>";
		};
		1C1335B614DD4136009CFF2C /* Products */ = {
			isa = PBXGroup;
			children = (
				1C1335B514DD4136009CFF2C /* FunCalendar.app */,
			);
			name = Products;
			sourceTree = "<group>";
		};
		1C1335B814DD4136009CFF2C /* Frameworks */ = {
			isa = PBXGroup;
			children = (
				1C1335D614DD4274009CFF2C /* EventKit.framework */,
				1C1335D814DD427F009CFF2C /* EventKitUI.framework */,
				1C1335B914DD4136009CFF2C /* UIKit.framework */,
				1C1335BB14DD4136009CFF2C /* Foundation.framework */,
				1C1335BD14DD4136009CFF2C /* CoreGraphics.framework */,
			);
			name = Frameworks;
			sourceTree = "<group>";
		};
		1C1335BF14DD4136009CFF2C /* FunCalendar */ = {
			isa = PBXGroup;
			children = (
				55C4345814F770A600B94EB0 /* ReadMe.rtf */,
				1C1335C814DD4136009CFF2C /* AppDelegate.h */,
				1C1335C914DD4136009CFF2C /* AppDelegate.m */,
				1C1335CB14DD4136009CFF2C /* MainStoryboard.storyboard */,
				1C1335CE14DD4136009CFF2C /* ViewController.h */,
				1C1335CF14DD4136009CFF2C /* ViewController.m */,
				55CD883E14F6126800C0D342 /* AddCustomEvent.h */,
				55CD883F14F6126800C0D342 /* AddCustomEvent.m */,
				55CD884914F621FB00C0D342 /* DatePicker.h */,
				55CD884A14F621FB00C0D342 /* DatePicker.m */,
				55BFE94414EBB08E00C69AE0 /* AddNewCalendar.h */,
				55BFE94514EBB08E00C69AE0 /* AddNewCalendar.m */,
				55FCC33614F2284F004FBF0E /* CustomCalendarView.h */,
				55FCC33714F2284F004FBF0E /* CustomCalendarView.m */,
				1C1335C014DD4136009CFF2C /* Supporting Files */,
			);
			path = FunCalendar;
			sourceTree = "<group>";
		};
		1C1335C014DD4136009CFF2C /* Supporting Files */ = {
			isa = PBXGroup;
			children = (
				1C1335C114DD4136009CFF2C /* FunCalendar-Info.plist */,
				1C1335C214DD4136009CFF2C /* InfoPlist.strings */,
				1C1335C514DD4136009CFF2C /* main.m */,
				1C1335C714DD4136009CFF2C /* FunCalendar-Prefix.pch */,
			);
			name = "Supporting Files";
			sourceTree = "<group>";
		};
/* End PBXGroup section */

/* Begin PBXNativeTarget section */
		1C1335B414DD4136009CFF2C /* FunCalendar */ = {
			isa = PBXNativeTarget;
			buildConfigurationList = 1C1335D314DD4137009CFF2C /* Build configuration list for PBXNativeTarget "FunCalendar" */;
			buildPhases = (
				1C1335B114DD4136009CFF2C /* Sources */,
				1C1335B214DD4136009CFF2C /* Frameworks */,
				1C1335B314DD4136009CFF2C /* Resources */,
			);
			buildRules = (
			);
			dependencies = (
			);
			name = FunCalendar;
			productName = FunCalendar;
			productReference = 1C1335B514DD4136009CFF2C /* FunCalendar.app */;
			productType = "com.apple.product-type.application";
		};
/* End PBXNativeTarget section */

/* Begin PBXProject section */
		1C1335AC14DD4136009CFF2C /* Project object */ = {
			isa = PBXProject;
			attributes = {
				LastUpgradeCheck = 0420;
			};
			buildConfigurationList = 1C1335AF14DD4136009CFF2C /* Build configuration list for PBXProject "FunCalendar" */;
			compatibilityVersion = "Xcode 3.2";
			developmentRegion = English;
			hasScannedForEncodings = 0;
			knownRegions = (
				en,
			);
			mainGroup = 1C1335AA14DD4136009CFF2C;
			productRefGroup = 1C1335B614DD4136009CFF2C /* Products */;
			projectDirPath = "";
			projectRoot = "";
			targets = (
				1C1335B414DD4136009CFF2C /* FunCalendar */,
			);
		};
/* End PBXProject section */

/* Begin PBXResourcesBuildPhase section */
		1C1335B314DD4136009CFF2C /* Resources */ = {
			isa = PBXResourcesBuildPhase;
			buildActionMask = 2147483647;
			files = (
				1C1335C414DD4136009CFF2C /* InfoPlist.strings in Resources */,
				1C1335CD14DD4136009CFF2C /* MainStoryboard.storyboard in Resources */,
				55C4345914F770A600B94EB0 /* ReadMe.rtf in Resources */,
			);
			runOnlyForDeploymentPostprocessing = 0;
		};
/* End PBXResourcesBuildPhase section */

/* Begin PBXSourcesBuildPhase section */
		1C1335B114DD4136009CFF2C /* Sources */ = {
			isa = PBXSourcesBuildPhase;
			buildActionMask = 2147483647;
			files = (
				1C1335C614DD4136009CFF2C /* main.m in Sources */,
				1C1335CA14DD4136009CFF2C /* AppDelegate.m in Sources */,
				1C1335D014DD4136009CFF2C /* ViewController.m in Sources */,
				55BFE94714EBB08E00C69AE0 /* AddNewCalendar.m in Sources */,
				55FCC33814F2284F004FBF0E /* CustomCalendarView.m in Sources */,
				55CD884014F6126800C0D342 /* AddCustomEvent.m in Sources */,
				55CD884B14F621FB00C0D342 /* DatePicker.m in Sources */,
			);
			runOnlyForDeploymentPostprocessing = 0;
		};
/* End PBXSourcesBuildPhase section */

/* Begin PBXVariantGroup section */
		1C1335C214DD4136009CFF2C /* InfoPlist.strings */ = {
			isa = PBXVariantGroup;
			children = (
				1C1335C314DD4136009CFF2C /* en */,
			);
			name = InfoPlist.strings;
			sourceTree = "<group>";
		};
		1C1335CB14DD4136009CFF2C /* MainStoryboard.storyboard */ = {
			isa = PBXVariantGroup;
			children = (
				1C1335CC14DD4136009CFF2C /* en */,
			);
			name = MainStoryboard.storyboard;
			sourceTree = "<group>";
		};
/* End PBXVariantGroup section */

/* Begin XCBuildConfiguration section */
		1C1335D114DD4137009CFF2C /* Debug */ = {
			isa = XCBuildConfiguration;
			buildSettings = {
				ALWAYS_SEARCH_USER_PATHS = NO;
				ARCHS = "$(ARCHS_STANDARD_32_BIT)";
				CLANG_ENABLE_OBJC_ARC = YES;
				CODE_SIGN_IDENTITY = "iPhone Developer: Justin Mandel (7XYK9P9H22)";
				"CODE_SIGN_IDENTITY[sdk=iphoneos*]" = "iPhone Developer: Justin Mandel (7XYK9P9H22)";
				COPY_PHASE_STRIP = NO;
				GCC_C_LANGUAGE_STANDARD = gnu99;
				GCC_DYNAMIC_NO_PIC = NO;
				GCC_OPTIMIZATION_LEVEL = 0;
				GCC_PREPROCESSOR_DEFINITIONS = (
					"DEBUG=1",
					"$(inherited)",
				);
				GCC_SYMBOLS_PRIVATE_EXTERN = NO;
				GCC_VERSION = com.apple.compilers.llvm.clang.1_0;
				GCC_WARN_ABOUT_MISSING_PROTOTYPES = YES;
				GCC_WARN_ABOUT_RETURN_TYPE = YES;
				GCC_WARN_UNUSED_VARIABLE = YES;
				IPHONEOS_DEPLOYMENT_TARGET = 5.0;
				PROVISIONING_PROFILE = "3E58D929-503B-4B7A-A6D6-712E6FCA8106";
				"PROVISIONING_PROFILE[sdk=iphoneos*]" = "3E58D929-503B-4B7A-A6D6-712E6FCA8106";
				SDKROOT = iphoneos;
			};
			name = Debug;
		};
		1C1335D214DD4137009CFF2C /* Release */ = {
			isa = XCBuildConfiguration;
			buildSettings = {
				ALWAYS_SEARCH_USER_PATHS = NO;
				ARCHS = "$(ARCHS_STANDARD_32_BIT)";
				CLANG_ENABLE_OBJC_ARC = YES;
				CODE_SIGN_IDENTITY = "iPhone Developer: Justin Mandel (7XYK9P9H22)";
				"CODE_SIGN_IDENTITY[sdk=iphoneos*]" = "iPhone Developer: Justin Mandel (7XYK9P9H22)";
				COPY_PHASE_STRIP = YES;
				GCC_C_LANGUAGE_STANDARD = gnu99;
				GCC_VERSION = com.apple.compilers.llvm.clang.1_0;
				GCC_WARN_ABOUT_MISSING_PROTOTYPES = YES;
				GCC_WARN_ABOUT_RETURN_TYPE = YES;
				GCC_WARN_UNUSED_VARIABLE = YES;
				IPHONEOS_DEPLOYMENT_TARGET = 5.0;
				OTHER_CFLAGS = "-DNS_BLOCK_ASSERTIONS=1";
				PROVISIONING_PROFILE = "3E58D929-503B-4B7A-A6D6-712E6FCA8106";
				"PROVISIONING_PROFILE[sdk=iphoneos*]" = "3E58D929-503B-4B7A-A6D6-712E6FCA8106";
				SDKROOT = iphoneos;
				VALIDATE_PRODUCT = YES;
			};
			name = Release;
		};
		1C1335D414DD4137009CFF2C /* Debug */ = {
			isa = XCBuildConfiguration;
			buildSettings = {
				GCC_PRECOMPILE_PREFIX_HEADER = YES;
				GCC_PREFIX_HEADER = "FunCalendar/FunCalendar-Prefix.pch";
				INFOPLIST_FILE = "FunCalendar/FunCalendar-Info.plist";
				PRODUCT_NAME = "$(TARGET_NAME)";
				WRAPPER_EXTENSION = app;
			};
			name = Debug;
		};
		1C1335D514DD4137009CFF2C /* Release */ = {
			isa = XCBuildConfiguration;
			buildSettings = {
				GCC_PRECOMPILE_PREFIX_HEADER = YES;
				GCC_PREFIX_HEADER = "FunCalendar/FunCalendar-Prefix.pch";
				INFOPLIST_FILE = "FunCalendar/FunCalendar-Info.plist";
				PRODUCT_NAME = "$(TARGET_NAME)";
				WRAPPER_EXTENSION = app;
			};
			name = Release;
		};
/* End XCBuildConfiguration section */

/* Begin XCConfigurationList section */
		1C1335AF14DD4136009CFF2C /* Build configuration list for PBXProject "FunCalendar" */ = {
			isa = XCConfigurationList;
			buildConfigurations = (
				1C1335D114DD4137009CFF2C /* Debug */,
				1C1335D214DD4137009CFF2C /* Release */,
			);
			defaultConfigurationIsVisible = 0;
			defaultConfigurationName = Release;
		};
		1C1335D314DD4137009CFF2C /* Build configuration list for PBXNativeTarget "FunCalendar" */ = {
			isa = XCConfigurationList;
			buildConfigurations = (
				1C1335D414DD4137009CFF2C /* Debug */,
				1C1335D514DD4137009CFF2C /* Release */,
			);
			defaultConfigurationIsVisible = 0;
			defaultConfigurationName = Release;
		};
/* End XCConfigurationList section */
	};
	rootObject = 1C1335AC14DD4136009CFF2C /* Project object */;
}
